// !$*UTF8*$!
{
	archiveVersion = 1;
	classes = {
	};
	objectVersion = 50;
	objects = {

/* Begin PBXBuildFile section */
		1557A3BD236624D60072A036 /* main.m in Sources */ = {isa = PBXBuildFile; fileRef = 1557A3AD236623F60072A036 /* main.m */; };
		1591CDF023F0703700FAC98C /* install.m in Sources */ = {isa = PBXBuildFile; fileRef = 1591CDEF23F0703700FAC98C /* install.m */; };
		1591CDF323F070A100FAC98C /* server.c in Sources */ = {isa = PBXBuildFile; fileRef = 1591CDF223F070A100FAC98C /* server.c */; };
/* End PBXBuildFile section */

/* Begin PBXCopyFilesBuildPhase section */
		1557A3B3236624CF0072A036 /* CopyFiles */ = {
			isa = PBXCopyFilesBuildPhase;
			buildActionMask = 2147483647;
			dstPath = /usr/share/man/man1/;
			dstSubfolderSpec = 0;
			files = (
			);
			runOnlyForDeploymentPostprocessing = 1;
		};
/* End PBXCopyFilesBuildPhase section */

/* Begin PBXFileReference section */
		150E2BF92367055F00611E9F /* connection.h */ = {isa = PBXFileReference; lastKnownFileType = sourcecode.c.h; path = connection.h; sourceTree = "<group>"; };
		150E2BFA2367055F00611E9F /* endpoint.h */ = {isa = PBXFileReference; lastKnownFileType = sourcecode.c.h; path = endpoint.h; sourceTree = "<group>"; };
		150E2BFB2367055F00611E9F /* debug.h */ = {isa = PBXFileReference; lastKnownFileType = sourcecode.c.h; path = debug.h; sourceTree = "<group>"; };
		150E2BFC2367055F00611E9F /* xpc.h */ = {isa = PBXFileReference; lastKnownFileType = sourcecode.c.h; path = xpc.h; sourceTree = "<group>"; };
		150E2BFD2367055F00611E9F /* base.h */ = {isa = PBXFileReference; lastKnownFileType = sourcecode.c.h; path = base.h; sourceTree = "<group>"; };
		1557A3AB236623C10072A036 /* Makefile */ = {isa = PBXFileReference; lastKnownFileType = sourcecode.make; path = Makefile; sourceTree = "<group>"; };
		1557A3AC236623D90072A036 /* Makefile */ = {isa = PBXFileReference; lastKnownFileType = sourcecode.make; path = Makefile; sourceTree = "<group>"; };
		1557A3AD236623F60072A036 /* main.m */ = {isa = PBXFileReference; lastKnownFileType = sourcecode.c.objc; path = main.m; sourceTree = "<group>"; };
		1557A3AF236624580072A036 /* iDownload */ = {isa = PBXFileReference; lastKnownFileType = "compiled.mach-o.executable"; path = iDownload; sourceTree = "<group>"; };
		1557A3B0236624750072A036 /* iDownload.entitlements */ = {isa = PBXFileReference; lastKnownFileType = text.plist.entitlements; path = iDownload.entitlements; sourceTree = "<group>"; };
		1557A3B5236624CF0072A036 /* iDownload_macOS_test */ = {isa = PBXFileReference; explicitFileType = "compiled.mach-o.executable"; includeInIndex = 0; path = iDownload_macOS_test; sourceTree = BUILT_PRODUCTS_DIR; };
		1591CDEE23F0703700FAC98C /* install.h */ = {isa = PBXFileReference; lastKnownFileType = sourcecode.c.h; path = install.h; sourceTree = "<group>"; };
		1591CDEF23F0703700FAC98C /* install.m */ = {isa = PBXFileReference; lastKnownFileType = sourcecode.c.objc; path = install.m; sourceTree = "<group>"; };
		1591CDF123F070A100FAC98C /* server.h */ = {isa = PBXFileReference; lastKnownFileType = sourcecode.c.h; path = server.h; sourceTree = "<group>"; };
		1591CDF223F070A100FAC98C /* server.c */ = {isa = PBXFileReference; lastKnownFileType = sourcecode.c.c; path = server.c; sourceTree = "<group>"; };
		1591CDF423F0719100FAC98C /* common.h */ = {isa = PBXFileReference; lastKnownFileType = sourcecode.c.h; path = common.h; sourceTree = "<group>"; };
		15C1A64924254D9D00F8FA5C /* CFUserNotification.h */ = {isa = PBXFileReference; lastKnownFileType = sourcecode.c.h; path = CFUserNotification.h; sourceTree = "<group>"; };
		15D3CBE6236640AC00D71E2D /* iDownload.z */ = {isa = PBXFileReference; lastKnownFileType = file; path = iDownload.z; sourceTree = "<group>"; };
/* End PBXFileReference section */

/* Begin PBXFrameworksBuildPhase section */
		1557A3B2236624CF0072A036 /* Frameworks */ = {
			isa = PBXFrameworksBuildPhase;
			buildActionMask = 2147483647;
			files = (
			);
			runOnlyForDeploymentPostprocessing = 0;
		};
/* End PBXFrameworksBuildPhase section */

/* Begin PBXGroup section */
		150E2BF82367055F00611E9F /* xpc */ = {
			isa = PBXGroup;
			children = (
				150E2BF92367055F00611E9F /* connection.h */,
				150E2BFA2367055F00611E9F /* endpoint.h */,
				150E2BFB2367055F00611E9F /* debug.h */,
				150E2BFC2367055F00611E9F /* xpc.h */,
				150E2BFD2367055F00611E9F /* base.h */,
			);
			path = xpc;
			sourceTree = "<group>";
		};
		1557A39F236623B20072A036 = {
			isa = PBXGroup;
			children = (
				1557A3AB236623C10072A036 /* Makefile */,
				1557A3AA236623B80072A036 /* iDownload */,
				1557A3AE2366240B0072A036 /* build */,
				1557A3B6236624CF0072A036 /* Products */,
			);
			sourceTree = "<group>";
		};
		1557A3AA236623B80072A036 /* iDownload */ = {
			isa = PBXGroup;
			children = (
				1557A3AC236623D90072A036 /* Makefile */,
				1557A3AD236623F60072A036 /* main.m */,
				1591CDEF23F0703700FAC98C /* install.m */,
				1591CDEE23F0703700FAC98C /* install.h */,
				1591CDF223F070A100FAC98C /* server.c */,
				1591CDF123F070A100FAC98C /* server.h */,
				1591CDF423F0719100FAC98C /* common.h */,
				15C1A64924254D9D00F8FA5C /* CFUserNotification.h */,
				1557A3B0236624750072A036 /* iDownload.entitlements */,
				150E2BF82367055F00611E9F /* xpc */,
			);
			path = iDownload;
			sourceTree = "<group>";
		};
		1557A3AE2366240B0072A036 /* build */ = {
			isa = PBXGroup;
			children = (
				1557A3AF236624580072A036 /* iDownload */,
				15D3CBE6236640AC00D71E2D /* iDownload.z */,
			);
			path = build;
			sourceTree = "<group>";
		};
		1557A3B6236624CF0072A036 /* Products */ = {
			isa = PBXGroup;
			children = (
				1557A3B5236624CF0072A036 /* iDownload_macOS_test */,
			);
			name = Products;
			sourceTree = "<group>";
		};
/* End PBXGroup section */

/* Begin PBXLegacyTarget section */
		1557A3A4236623B20072A036 /* iDownload */ = {
			isa = PBXLegacyTarget;
			buildArgumentsString = "$(ACTION)";
			buildConfigurationList = 1557A3A7236623B20072A036 /* Build configuration list for PBXLegacyTarget "iDownload" */;
			buildPhases = (
			);
			buildToolPath = /usr/bin/make;
			buildWorkingDirectory = "";
			dependencies = (
			);
			name = iDownload;
			passBuildSettingsInEnvironment = 0;
			productName = iDownload;
		};
/* End PBXLegacyTarget section */

/* Begin PBXNativeTarget section */
		1557A3B4236624CF0072A036 /* iDownload_macOS_test */ = {
			isa = PBXNativeTarget;
			buildConfigurationList = 1557A3BA236624CF0072A036 /* Build configuration list for PBXNativeTarget "iDownload_macOS_test" */;
			buildPhases = (
				1557A3B1236624CF0072A036 /* Sources */,
				1557A3B2236624CF0072A036 /* Frameworks */,
				1557A3B3236624CF0072A036 /* CopyFiles */,
			);
			buildRules = (
			);
			dependencies = (
			);
			name = iDownload_macOS_test;
			productName = macOS_test;
			productReference = 1557A3B5236624CF0072A036 /* iDownload_macOS_test */;
			productType = "com.apple.product-type.tool";
		};
/* End PBXNativeTarget section */

/* Begin PBXProject section */
		1557A3A0236623B20072A036 /* Project object */ = {
			isa = PBXProject;
			attributes = {
				LastUpgradeCheck = 1130;
				ORGANIZATIONNAME = "Linus Henze";
				TargetAttributes = {
					1557A3A4236623B20072A036 = {
						CreatedOnToolsVersion = 11.0;
					};
					1557A3B4236624CF0072A036 = {
						CreatedOnToolsVersion = 11.0;
					};
				};
			};
			buildConfigurationList = 1557A3A3236623B20072A036 /* Build configuration list for PBXProject "iDownload" */;
			compatibilityVersion = "Xcode 9.3";
			developmentRegion = en;
			hasScannedForEncodings = 0;
			knownRegions = (
				en,
				Base,
			);
			mainGroup = 1557A39F236623B20072A036;
			productRefGroup = 1557A3B6236624CF0072A036 /* Products */;
			projectDirPath = "";
			projectRoot = "";
			targets = (
				1557A3A4236623B20072A036 /* iDownload */,
				1557A3B4236624CF0072A036 /* iDownload_macOS_test */,
			);
		};
/* End PBXProject section */

/* Begin PBXSourcesBuildPhase section */
		1557A3B1236624CF0072A036 /* Sources */ = {
			isa = PBXSourcesBuildPhase;
			buildActionMask = 2147483647;
			files = (
				1557A3BD236624D60072A036 /* main.m in Sources */,
				1591CDF323F070A100FAC98C /* server.c in Sources */,
				1591CDF023F0703700FAC98C /* install.m in Sources */,
			);
			runOnlyForDeploymentPostprocessing = 0;
		};
/* End PBXSourcesBuildPhase section */

/* Begin XCBuildConfiguration section */
		1557A3A5236623B20072A036 /* Debug */ = {
			isa = XCBuildConfiguration;
			buildSettings = {
				ALWAYS_SEARCH_USER_PATHS = NO;
				CLANG_ANALYZER_NONNULL = YES;
				CLANG_ANALYZER_NUMBER_OBJECT_CONVERSION = YES_AGGRESSIVE;
				CLANG_CXX_LANGUAGE_STANDARD = "gnu++14";
				CLANG_CXX_LIBRARY = "libc++";
				CLANG_ENABLE_MODULES = YES;
				CLANG_ENABLE_OBJC_ARC = YES;
				CLANG_ENABLE_OBJC_WEAK = YES;
				CLANG_WARN_BLOCK_CAPTURE_AUTORELEASING = YES;
				CLANG_WARN_BOOL_CONVERSION = YES;
				CLANG_WARN_COMMA = YES;
				CLANG_WARN_CONSTANT_CONVERSION = YES;
				CLANG_WARN_DEPRECATED_OBJC_IMPLEMENTATIONS = YES;
				CLANG_WARN_DIRECT_OBJC_ISA_USAGE = YES_ERROR;
				CLANG_WARN_DOCUMENTATION_COMMENTS = YES;
				CLANG_WARN_EMPTY_BODY = YES;
				CLANG_WARN_ENUM_CONVERSION = YES;
				CLANG_WARN_INFINITE_RECURSION = YES;
				CLANG_WARN_INT_CONVERSION = YES;
				CLANG_WARN_NON_LITERAL_NULL_CONVERSION = YES;
				CLANG_WARN_OBJC_IMPLICIT_RETAIN_SELF = YES;
				CLANG_WARN_OBJC_LITERAL_CONVERSION = YES;
				CLANG_WARN_OBJC_ROOT_CLASS = YES_ERROR;
				CLANG_WARN_RANGE_LOOP_ANALYSIS = YES;
				CLANG_WARN_STRICT_PROTOTYPES = YES;
				CLANG_WARN_SUSPICIOUS_MOVE = YES;
				CLANG_WARN_UNGUARDED_AVAILABILITY = YES_AGGRESSIVE;
				CLANG_WARN_UNREACHABLE_CODE = YES;
				CLANG_WARN__DUPLICATE_METHOD_MATCH = YES;
				COPY_PHASE_STRIP = NO;
				DEBUG_INFORMATION_FORMAT = dwarf;
				ENABLE_STRICT_OBJC_MSGSEND = YES;
				ENABLE_TESTABILITY = YES;
				GCC_C_LANGUAGE_STANDARD = gnu11;
				GCC_DYNAMIC_NO_PIC = NO;
				GCC_NO_COMMON_BLOCKS = YES;
				GCC_OPTIMIZATION_LEVEL = 0;
				GCC_PREPROCESSOR_DEFINITIONS = (
					"DEBUG=1",
					"$(inherited)",
				);
				GCC_WARN_64_TO_32_BIT_CONVERSION = YES;
				GCC_WARN_ABOUT_RETURN_TYPE = YES_ERROR;
				GCC_WARN_UNDECLARED_SELECTOR = YES;
				GCC_WARN_UNINITIALIZED_AUTOS = YES_AGGRESSIVE;
				GCC_WARN_UNUSED_FUNCTION = YES;
				GCC_WARN_UNUSED_VARIABLE = YES;
				MTL_ENABLE_DEBUG_INFO = INCLUDE_SOURCE;
				MTL_FAST_MATH = YES;
				ONLY_ACTIVE_ARCH = YES;
			};
			name = Debug;
		};
		1557A3A6236623B20072A036 /* Release */ = {
			isa = XCBuildConfiguration;
			buildSettings = {
				ALWAYS_SEARCH_USER_PATHS = NO;
				CLANG_ANALYZER_NONNULL = YES;
				CLANG_ANALYZER_NUMBER_OBJECT_CONVERSION = YES_AGGRESSIVE;
				CLANG_CXX_LANGUAGE_STANDARD = "gnu++14";
				CLANG_CXX_LIBRARY = "libc++";
				CLANG_ENABLE_MODULES = YES;
				CLANG_ENABLE_OBJC_ARC = YES;
				CLANG_ENABLE_OBJC_WEAK = YES;
				CLANG_WARN_BLOCK_CAPTURE_AUTORELEASING = YES;
				CLANG_WARN_BOOL_CONVERSION = YES;
				CLANG_WARN_COMMA = YES;
				CLANG_WARN_CONSTANT_CONVERSION = YES;
				CLANG_WARN_DEPRECATED_OBJC_IMPLEMENTATIONS = YES;
				CLANG_WARN_DIRECT_OBJC_ISA_USAGE = YES_ERROR;
				CLANG_WARN_DOCUMENTATION_COMMENTS = YES;
				CLANG_WARN_EMPTY_BODY = YES;
				CLANG_WARN_ENUM_CONVERSION = YES;
				CLANG_WARN_INFINITE_RECURSION = YES;
				CLANG_WARN_INT_CONVERSION = YES;
				CLANG_WARN_NON_LITERAL_NULL_CONVERSION = YES;
				CLANG_WARN_OBJC_IMPLICIT_RETAIN_SELF = YES;
				CLANG_WARN_OBJC_LITERAL_CONVERSION = YES;
				CLANG_WARN_OBJC_ROOT_CLASS = YES_ERROR;
				CLANG_WARN_RANGE_LOOP_ANALYSIS = YES;
				CLANG_WARN_STRICT_PROTOTYPES = YES;
				CLANG_WARN_SUSPICIOUS_MOVE = YES;
				CLANG_WARN_UNGUARDED_AVAILABILITY = YES_AGGRESSIVE;
				CLANG_WARN_UNREACHABLE_CODE = YES;
				CLANG_WARN__DUPLICATE_METHOD_MATCH = YES;
				COPY_PHASE_STRIP = NO;
				DEBUG_INFORMATION_FORMAT = "dwarf-with-dsym";
				ENABLE_NS_ASSERTIONS = NO;
				ENABLE_STRICT_OBJC_MSGSEND = YES;
				GCC_C_LANGUAGE_STANDARD = gnu11;
				GCC_NO_COMMON_BLOCKS = YES;
				GCC_WARN_64_TO_32_BIT_CONVERSION = YES;
				GCC_WARN_ABOUT_RETURN_TYPE = YES_ERROR;
				GCC_WARN_UNDECLARED_SELECTOR = YES;
				GCC_WARN_UNINITIALIZED_AUTOS = YES_AGGRESSIVE;
				GCC_WARN_UNUSED_FUNCTION = YES;
				GCC_WARN_UNUSED_VARIABLE = YES;
				MTL_ENABLE_DEBUG_INFO = NO;
				MTL_FAST_MATH = YES;
			};
			name = Release;
		};
		1557A3A8236623B20072A036 /* Debug */ = {
			isa = XCBuildConfiguration;
			buildSettings = {
				CODE_SIGN_STYLE = Automatic;
				DEBUGGING_SYMBOLS = YES;
				DEBUG_INFORMATION_FORMAT = dwarf;
				GCC_GENERATE_DEBUGGING_SYMBOLS = YES;
				GCC_OPTIMIZATION_LEVEL = 0;
				OTHER_CFLAGS = "";
				OTHER_LDFLAGS = "";
				PRODUCT_NAME = "$(TARGET_NAME)";
			};
			name = Debug;
		};
		1557A3A9236623B20072A036 /* Release */ = {
			isa = XCBuildConfiguration;
			buildSettings = {
				CODE_SIGN_STYLE = Automatic;
				DEBUG_INFORMATION_FORMAT = "dwarf-with-dsym";
				OTHER_CFLAGS = "";
				OTHER_LDFLAGS = "";
				PRODUCT_NAME = "$(TARGET_NAME)";
			};
			name = Release;
		};
		1557A3BB236624CF0072A036 /* Debug */ = {
			isa = XCBuildConfiguration;
			buildSettings = {
				CODE_SIGN_IDENTITY = "-";
				CODE_SIGN_STYLE = Automatic;
				MACOSX_DEPLOYMENT_TARGET = 10.14;
				PRODUCT_NAME = "$(TARGET_NAME)";
				SDKROOT = macosx;
			};
			name = Debug;
		};
		1557A3BC236624CF0072A036 /* Release */ = {
			isa = XCBuildConfiguration;
			buildSettings = {
				CODE_SIGN_IDENTITY = "-";
				CODE_SIGN_STYLE = Automatic;
				MACOSX_DEPLOYMENT_TARGET = 10.14;
				PRODUCT_NAME = "$(TARGET_NAME)";
				SDKROOT = macosx;
			};
			name = Release;
		};
/* End XCBuildConfiguration section */

/* Begin XCConfigurationList section */
		1557A3A3236623B20072A036 /* Build configuration list for PBXProject "iDownload" */ = {
			isa = XCConfigurationList;
			buildConfigurations = (
				1557A3A5236623B20072A036 /* Debug */,
				1557A3A6236623B20072A036 /* Release */,
			);
			defaultConfigurationIsVisible = 0;
			defaultConfigurationName = Release;
		};
		1557A3A7236623B20072A036 /* Build configuration list for PBXLegacyTarget "iDownload" */ = {
			isa = XCConfigurationList;
			buildConfigurations = (
				1557A3A8236623B20072A036 /* Debug */,
				1557A3A9236623B20072A036 /* Release */,
			);
			defaultConfigurationIsVisible = 0;
			defaultConfigurationName = Release;
		};
		1557A3BA236624CF0072A036 /* Build configuration list for PBXNativeTarget "iDownload_macOS_test" */ = {
			isa = XCConfigurationList;
			buildConfigurations = (
				1557A3BB236624CF0072A036 /* Debug */,
				1557A3BC236624CF0072A036 /* Release */,
			);
			defaultConfigurationIsVisible = 0;
			defaultConfigurationName = Release;
		};
/* End XCConfigurationList section */
	};
	rootObject = 1557A3A0236623B20072A036 /* Project object */;
}
